
Microsoft Visual Studio Solution File, Format Version 12.00
# Visual Studio 15
VisualStudioVersion = 15.0.27703.2042
MinimumVisualStudioVersion = 10.0.40219.1
Project("{FAE04EC0-301F-11D3-BF4B-00C04F79EFBC}") = "MathRush", "MathRush\MathRush.csproj", "{B487D27A-F057-4B4D-A9AE-8AC8083370D9}"
EndProject
Global
	GlobalSection(SolutionConfigurationPlatforms) = preSolution
		Debug|Any CPU = Debug|Any CPU
		Release|Any CPU = Release|Any CPU
	EndGlobalSection
	GlobalSection(ProjectConfigurationPlatforms) = postSolution
		{B487D27A-F057-4B4D-A9AE-8AC8083370D9}.Debug|Any CPU.ActiveCfg = Debug|Any CPU
		{B487D27A-F057-4B4D-A9AE-8AC8083370D9}.Debug|Any CPU.Build.0 = Debug|Any CPU
		{B487D27A-F057-4B4D-A9AE-8AC8083370D9}.Release|Any CPU.ActiveCfg = Release|Any CPU
		{B487D27A-F057-4B4D-A9AE-8AC8083370D9}.Release|Any CPU.Build.0 = Release|Any CPU
	EndGlobalSection
	GlobalSection(SolutionProperties) = preSolution
		HideSolutionNode = FALSE
	EndGlobalSection
	GlobalSection(ExtensibilityGlobals) = postSolution
		SolutionGuid = {F558731E-4053-4FD8-995B-B7F494750479}
	EndGlobalSection
EndGlobal
